
Microsoft Visual Studio Solution File, Format Version 12.00
Project("{FAE04EC0-301F-11D3-BF4B-00C04F79EFBC}") = "UserService.API", "UserService\UserService.API\UserService.API.csproj", "{B1966A7D-7BE1-4458-B03E-5FF39E5E27EE}"
EndProject
Project("{FAE04EC0-301F-11D3-BF4B-00C04F79EFBC}") = "EventOrchestrationService.Contracts", "Contracts\EventOrchestrationService.Contracts\EventOrchestrationService.Contracts.csproj", "{37CF4714-96BF-4CFF-92DE-D70F9F2420B2}"
EndProject
Project("{FAE04EC0-301F-11D3-BF4B-00C04F79EFBC}") = "UserService.Domain", "UserService\UserService.Domain\UserService.Domain.csproj", "{CA2A212C-AD17-495D-B377-0924B6B8FA9A}"
EndProject
Project("{FAE04EC0-301F-11D3-BF4B-00C04F79EFBC}") = "UserService.Application", "UserService\UserService.Application\UserService.Application.csproj", "{99E1F444-75AD-4099-AA46-F498D17B729B}"
EndProject
Project("{FAE04EC0-301F-11D3-BF4B-00C04F79EFBC}") = "UserService.Infrastructure", "UserService\UserService.Infrastructure\UserService.Infrastructure.csproj", "{FEE60021-C507-42D4-A2AD-373D1788A192}"
EndProject
Project("{2150E333-8FDC-42A3-9474-1A3956D46DE8}") = "UserService", "UserService", "{2E194C0C-89E6-4546-A06E-0ACFCA324B5D}"
EndProject
Project("{2150E333-8FDC-42A3-9474-1A3956D46DE8}") = "Contracts", "Contracts", "{26268F4B-0792-4CC5-A838-782C0FB4564C}"
EndProject
Project("{FAE04EC0-301F-11D3-BF4B-00C04F79EFBC}") = "EventService.API", "EventService\EventService.API\EventService.API.csproj", "{258299EB-A7A6-4927-BBB0-1FC6FC6BBA3F}"
EndProject
Project("{FAE04EC0-301F-11D3-BF4B-00C04F79EFBC}") = "EventService.Domain", "EventService\EventService.Domain\EventService.Domain.csproj", "{EEE7225F-7308-453C-8638-DCD6002196A3}"
EndProject
Project("{FAE04EC0-301F-11D3-BF4B-00C04F79EFBC}") = "EventService.Application", "EventService\EventService.Application\EventService.Application.csproj", "{C41F382F-301A-4FBF-A48D-A864A95280FD}"
EndProject
Project("{FAE04EC0-301F-11D3-BF4B-00C04F79EFBC}") = "EventService.Infrastructure", "EventService\EventService.Infrastructure\EventService.Infrastructure.csproj", "{7F34063D-183A-4F82-8105-EB03FD80E1EC}"
EndProject
Project("{FAE04EC0-301F-11D3-BF4B-00C04F79EFBC}") = "BookingService.API", "BookingService\BookingService.API\BookingService.API.csproj", "{894596B4-6910-4AD6-A377-7AD97D96C1C2}"
EndProject
Project("{FAE04EC0-301F-11D3-BF4B-00C04F79EFBC}") = "BookingService.Domain", "BookingService\BookingService.Domain\BookingService.Domain.csproj", "{18C06542-2F0F-453F-8FAE-F9A36615324B}"
EndProject
Project("{FAE04EC0-301F-11D3-BF4B-00C04F79EFBC}") = "BookingService.Application", "BookingService\BookingService.Application\BookingService.Application.csproj", "{95E7A357-5085-432D-8417-23AFF33C920F}"
EndProject
Project("{FAE04EC0-301F-11D3-BF4B-00C04F79EFBC}") = "BookingService.Infrastructure", "BookingService\BookingService.Infrastructure\BookingService.Infrastructure.csproj", "{A04F57DA-87C6-4077-8D8E-D2A5A42F81FF}"
EndProject
Project("{2150E333-8FDC-42A3-9474-1A3956D46DE8}") = "EventService", "EventService", "{73FBC12F-B93F-4727-A417-F8BCD97FD0F3}"
EndProject
Project("{2150E333-8FDC-42A3-9474-1A3956D46DE8}") = "BookingService", "BookingService", "{9D947271-66E8-4E92-A8F0-525E915F2060}"
EndProject
Global
	GlobalSection(SolutionConfigurationPlatforms) = preSolution
		Debug|Any CPU = Debug|Any CPU
		Release|Any CPU = Release|Any CPU
	EndGlobalSection
	GlobalSection(ProjectConfigurationPlatforms) = postSolution
		{B1966A7D-7BE1-4458-B03E-5FF39E5E27EE}.Debug|Any CPU.ActiveCfg = Debug|Any CPU
		{B1966A7D-7BE1-4458-B03E-5FF39E5E27EE}.Debug|Any CPU.Build.0 = Debug|Any CPU
		{B1966A7D-7BE1-4458-B03E-5FF39E5E27EE}.Release|Any CPU.ActiveCfg = Release|Any CPU
		{B1966A7D-7BE1-4458-B03E-5FF39E5E27EE}.Release|Any CPU.Build.0 = Release|Any CPU
		{37CF4714-96BF-4CFF-92DE-D70F9F2420B2}.Debug|Any CPU.ActiveCfg = Debug|Any CPU
		{37CF4714-96BF-4CFF-92DE-D70F9F2420B2}.Debug|Any CPU.Build.0 = Debug|Any CPU
		{37CF4714-96BF-4CFF-92DE-D70F9F2420B2}.Release|Any CPU.ActiveCfg = Release|Any CPU
		{37CF4714-96BF-4CFF-92DE-D70F9F2420B2}.Release|Any CPU.Build.0 = Release|Any CPU
		{CA2A212C-AD17-495D-B377-0924B6B8FA9A}.Debug|Any CPU.ActiveCfg = Debug|Any CPU
		{CA2A212C-AD17-495D-B377-0924B6B8FA9A}.Debug|Any CPU.Build.0 = Debug|Any CPU
		{CA2A212C-AD17-495D-B377-0924B6B8FA9A}.Release|Any CPU.ActiveCfg = Release|Any CPU
		{CA2A212C-AD17-495D-B377-0924B6B8FA9A}.Release|Any CPU.Build.0 = Release|Any CPU
		{99E1F444-75AD-4099-AA46-F498D17B729B}.Debug|Any CPU.ActiveCfg = Debug|Any CPU
		{99E1F444-75AD-4099-AA46-F498D17B729B}.Debug|Any CPU.Build.0 = Debug|Any CPU
		{99E1F444-75AD-4099-AA46-F498D17B729B}.Release|Any CPU.ActiveCfg = Release|Any CPU
		{99E1F444-75AD-4099-AA46-F498D17B729B}.Release|Any CPU.Build.0 = Release|Any CPU
		{FEE60021-C507-42D4-A2AD-373D1788A192}.Debug|Any CPU.ActiveCfg = Debug|Any CPU
		{FEE60021-C507-42D4-A2AD-373D1788A192}.Debug|Any CPU.Build.0 = Debug|Any CPU
		{FEE60021-C507-42D4-A2AD-373D1788A192}.Release|Any CPU.ActiveCfg = Release|Any CPU
		{FEE60021-C507-42D4-A2AD-373D1788A192}.Release|Any CPU.Build.0 = Release|Any CPU
		{258299EB-A7A6-4927-BBB0-1FC6FC6BBA3F}.Debug|Any CPU.ActiveCfg = Debug|Any CPU
		{258299EB-A7A6-4927-BBB0-1FC6FC6BBA3F}.Debug|Any CPU.Build.0 = Debug|Any CPU
		{258299EB-A7A6-4927-BBB0-1FC6FC6BBA3F}.Release|Any CPU.ActiveCfg = Release|Any CPU
		{258299EB-A7A6-4927-BBB0-1FC6FC6BBA3F}.Release|Any CPU.Build.0 = Release|Any CPU
		{EEE7225F-7308-453C-8638-DCD6002196A3}.Debug|Any CPU.ActiveCfg = Debug|Any CPU
		{EEE7225F-7308-453C-8638-DCD6002196A3}.Debug|Any CPU.Build.0 = Debug|Any CPU
		{EEE7225F-7308-453C-8638-DCD6002196A3}.Release|Any CPU.ActiveCfg = Release|Any CPU
		{EEE7225F-7308-453C-8638-DCD6002196A3}.Release|Any CPU.Build.0 = Release|Any CPU
		{C41F382F-301A-4FBF-A48D-A864A95280FD}.Debug|Any CPU.ActiveCfg = Debug|Any CPU
		{C41F382F-301A-4FBF-A48D-A864A95280FD}.Debug|Any CPU.Build.0 = Debug|Any CPU
		{C41F382F-301A-4FBF-A48D-A864A95280FD}.Release|Any CPU.ActiveCfg = Release|Any CPU
		{C41F382F-301A-4FBF-A48D-A864A95280FD}.Release|Any CPU.Build.0 = Release|Any CPU
		{7F34063D-183A-4F82-8105-EB03FD80E1EC}.Debug|Any CPU.ActiveCfg = Debug|Any CPU
		{7F34063D-183A-4F82-8105-EB03FD80E1EC}.Debug|Any CPU.Build.0 = Debug|Any CPU
		{7F34063D-183A-4F82-8105-EB03FD80E1EC}.Release|Any CPU.ActiveCfg = Release|Any CPU
		{7F34063D-183A-4F82-8105-EB03FD80E1EC}.Release|Any CPU.Build.0 = Release|Any CPU
		{894596B4-6910-4AD6-A377-7AD97D96C1C2}.Debug|Any CPU.ActiveCfg = Debug|Any CPU
		{894596B4-6910-4AD6-A377-7AD97D96C1C2}.Debug|Any CPU.Build.0 = Debug|Any CPU
		{894596B4-6910-4AD6-A377-7AD97D96C1C2}.Release|Any CPU.ActiveCfg = Release|Any CPU
		{894596B4-6910-4AD6-A377-7AD97D96C1C2}.Release|Any CPU.Build.0 = Release|Any CPU
		{18C06542-2F0F-453F-8FAE-F9A36615324B}.Debug|Any CPU.ActiveCfg = Debug|Any CPU
		{18C06542-2F0F-453F-8FAE-F9A36615324B}.Debug|Any CPU.Build.0 = Debug|Any CPU
		{18C06542-2F0F-453F-8FAE-F9A36615324B}.Release|Any CPU.ActiveCfg = Release|Any CPU
		{18C06542-2F0F-453F-8FAE-F9A36615324B}.Release|Any CPU.Build.0 = Release|Any CPU
		{95E7A357-5085-432D-8417-23AFF33C920F}.Debug|Any CPU.ActiveCfg = Debug|Any CPU
		{95E7A357-5085-432D-8417-23AFF33C920F}.Debug|Any CPU.Build.0 = Debug|Any CPU
		{95E7A357-5085-432D-8417-23AFF33C920F}.Release|Any CPU.ActiveCfg = Release|Any CPU
		{95E7A357-5085-432D-8417-23AFF33C920F}.Release|Any CPU.Build.0 = Release|Any CPU
		{A04F57DA-87C6-4077-8D8E-D2A5A42F81FF}.Debug|Any CPU.ActiveCfg = Debug|Any CPU
		{A04F57DA-87C6-4077-8D8E-D2A5A42F81FF}.Debug|Any CPU.Build.0 = Debug|Any CPU
		{A04F57DA-87C6-4077-8D8E-D2A5A42F81FF}.Release|Any CPU.ActiveCfg = Release|Any CPU
		{A04F57DA-87C6-4077-8D8E-D2A5A42F81FF}.Release|Any CPU.Build.0 = Release|Any CPU
	EndGlobalSection
	GlobalSection(NestedProjects) = preSolution
		{B1966A7D-7BE1-4458-B03E-5FF39E5E27EE} = {2E194C0C-89E6-4546-A06E-0ACFCA324B5D}
		{99E1F444-75AD-4099-AA46-F498D17B729B} = {2E194C0C-89E6-4546-A06E-0ACFCA324B5D}
		{CA2A212C-AD17-495D-B377-0924B6B8FA9A} = {2E194C0C-89E6-4546-A06E-0ACFCA324B5D}
		{FEE60021-C507-42D4-A2AD-373D1788A192} = {2E194C0C-89E6-4546-A06E-0ACFCA324B5D}
		{37CF4714-96BF-4CFF-92DE-D70F9F2420B2} = {26268F4B-0792-4CC5-A838-782C0FB4564C}
		{894596B4-6910-4AD6-A377-7AD97D96C1C2} = {9D947271-66E8-4E92-A8F0-525E915F2060}
		{95E7A357-5085-432D-8417-23AFF33C920F} = {9D947271-66E8-4E92-A8F0-525E915F2060}
		{18C06542-2F0F-453F-8FAE-F9A36615324B} = {9D947271-66E8-4E92-A8F0-525E915F2060}
		{A04F57DA-87C6-4077-8D8E-D2A5A42F81FF} = {9D947271-66E8-4E92-A8F0-525E915F2060}
		{258299EB-A7A6-4927-BBB0-1FC6FC6BBA3F} = {73FBC12F-B93F-4727-A417-F8BCD97FD0F3}
		{C41F382F-301A-4FBF-A48D-A864A95280FD} = {73FBC12F-B93F-4727-A417-F8BCD97FD0F3}
		{EEE7225F-7308-453C-8638-DCD6002196A3} = {73FBC12F-B93F-4727-A417-F8BCD97FD0F3}
		{7F34063D-183A-4F82-8105-EB03FD80E1EC} = {73FBC12F-B93F-4727-A417-F8BCD97FD0F3}
	EndGlobalSection
EndGlobal
